
Microsoft Visual Studio Solution File, Format Version 12.00
Project("{2150E333-8FDC-42A3-9474-1A3956D46DE8}") = "Services", "Services", "{90E72803-0F60-43F0-BCE0-B27500AB59C0}"
EndProject
Project("{2150E333-8FDC-42A3-9474-1A3956D46DE8}") = "Catalog", "Catalog", "{C207834F-4885-4530-919C-553F631251E9}"
EndProject
Project("{FAE04EC0-301F-11D3-BF4B-00C04F79EFBC}") = "Catalog.API", "Services\Catalog\Catalog.API\Catalog.API.csproj", "{67AC8BA9-A6DD-4BAE-89DA-35893FB177B2}"
EndProject
Project("{2150E333-8FDC-42A3-9474-1A3956D46DE8}") = "Basket", "Basket", "{C0981D85-CB86-4BF0-8EB3-3FCE7000B06A}"
EndProject
Project("{FAE04EC0-301F-11D3-BF4B-00C04F79EFBC}") = "Basket.API", "Services\Basket\Basket.API\Basket.API.csproj", "{6D8680F0-E1D2-4DA0-B329-F19015094312}"
EndProject
Project("{2150E333-8FDC-42A3-9474-1A3956D46DE8}") = "Discount", "Discount", "{AC1ABE09-7E94-49F1-A7D9-ADE6926FC760}"
EndProject
Project("{FAE04EC0-301F-11D3-BF4B-00C04F79EFBC}") = "Discount.API", "Services\Discount\Discount.API\Discount.API.csproj", "{5E99461C-5B0E-480E-A0F0-2A48D00EBCEE}"
EndProject
Project("{FAE04EC0-301F-11D3-BF4B-00C04F79EFBC}") = "Discount.gRPC", "Services\Discount\Discount.gRPC\Discount.gRPC.csproj", "{3C2DBBBE-6029-4D51-B092-C3E511675ABE}"
EndProject
Global
	GlobalSection(SolutionConfigurationPlatforms) = preSolution
		Debug|Any CPU = Debug|Any CPU
		Release|Any CPU = Release|Any CPU
	EndGlobalSection
	GlobalSection(NestedProjects) = preSolution
		{C207834F-4885-4530-919C-553F631251E9} = {90E72803-0F60-43F0-BCE0-B27500AB59C0}
		{67AC8BA9-A6DD-4BAE-89DA-35893FB177B2} = {C207834F-4885-4530-919C-553F631251E9}
		{C0981D85-CB86-4BF0-8EB3-3FCE7000B06A} = {90E72803-0F60-43F0-BCE0-B27500AB59C0}
		{6D8680F0-E1D2-4DA0-B329-F19015094312} = {C0981D85-CB86-4BF0-8EB3-3FCE7000B06A}
		{AC1ABE09-7E94-49F1-A7D9-ADE6926FC760} = {90E72803-0F60-43F0-BCE0-B27500AB59C0}
		{5E99461C-5B0E-480E-A0F0-2A48D00EBCEE} = {AC1ABE09-7E94-49F1-A7D9-ADE6926FC760}
		{3C2DBBBE-6029-4D51-B092-C3E511675ABE} = {AC1ABE09-7E94-49F1-A7D9-ADE6926FC760}
	EndGlobalSection
	GlobalSection(ProjectConfigurationPlatforms) = postSolution
		{67AC8BA9-A6DD-4BAE-89DA-35893FB177B2}.Debug|Any CPU.ActiveCfg = Debug|Any CPU
		{67AC8BA9-A6DD-4BAE-89DA-35893FB177B2}.Debug|Any CPU.Build.0 = Debug|Any CPU
		{67AC8BA9-A6DD-4BAE-89DA-35893FB177B2}.Release|Any CPU.ActiveCfg = Release|Any CPU
		{67AC8BA9-A6DD-4BAE-89DA-35893FB177B2}.Release|Any CPU.Build.0 = Release|Any CPU
		{6D8680F0-E1D2-4DA0-B329-F19015094312}.Debug|Any CPU.ActiveCfg = Debug|Any CPU
		{6D8680F0-E1D2-4DA0-B329-F19015094312}.Debug|Any CPU.Build.0 = Debug|Any CPU
		{6D8680F0-E1D2-4DA0-B329-F19015094312}.Release|Any CPU.ActiveCfg = Release|Any CPU
		{6D8680F0-E1D2-4DA0-B329-F19015094312}.Release|Any CPU.Build.0 = Release|Any CPU
		{5E99461C-5B0E-480E-A0F0-2A48D00EBCEE}.Debug|Any CPU.ActiveCfg = Debug|Any CPU
		{5E99461C-5B0E-480E-A0F0-2A48D00EBCEE}.Debug|Any CPU.Build.0 = Debug|Any CPU
		{5E99461C-5B0E-480E-A0F0-2A48D00EBCEE}.Release|Any CPU.ActiveCfg = Release|Any CPU
		{5E99461C-5B0E-480E-A0F0-2A48D00EBCEE}.Release|Any CPU.Build.0 = Release|Any CPU
		{3C2DBBBE-6029-4D51-B092-C3E511675ABE}.Debug|Any CPU.ActiveCfg = Debug|Any CPU
		{3C2DBBBE-6029-4D51-B092-C3E511675ABE}.Debug|Any CPU.Build.0 = Debug|Any CPU
		{3C2DBBBE-6029-4D51-B092-C3E511675ABE}.Release|Any CPU.ActiveCfg = Release|Any CPU
		{3C2DBBBE-6029-4D51-B092-C3E511675ABE}.Release|Any CPU.Build.0 = Release|Any CPU
	EndGlobalSection
EndGlobal
